{
  "version": 4,
  "terraform_version": "1.5.7",
  "serial": 82,
  "lineage": "6265f404-c99a-795b-3113-c258c74d21d4",
  "outputs": {
    "acm_certificate_arn": {
      "value": "arn:aws:acm:us-east-1:955550242727:certificate/02cd3235-7271-4ee9-8298-a4dec0191881",
      "type": "string"
    },
    "cloudfront_distribution_id": {
      "value": "EWR2USG4G24HG",
      "type": "string"
    },
    "cloudfront_url": {
      "value": "https://d1aq033lwzjq9y.cloudfront.net",
      "type": "string"
    },
    "dynamodb_table_name": {
      "value": "jacob-sarah-wedding-rsvps-production",
      "type": "string"
    },
    "route53_name_servers": {
      "value": [
        "ns-1231.awsdns-25.org",
        "ns-1844.awsdns-38.co.uk",
        "ns-364.awsdns-45.com",
        "ns-802.awsdns-36.net"
      ],
      "type": [
        "list",
        "string"
      ]
    },
    "route53_zone_id": {
      "value": "Z012451914DBDOZKXCFV6",
      "type": "string"
    },
    "rsvp_api_url": {
      "value": "https://ltx3ea4eingenuxwlcovcexllq0xqreu.lambda-url.us-west-2.on.aws/",
      "type": "string"
    },
    "s3_bucket_name": {
      "value": "jacob-sarah-wedding-website-production",
      "type": "string"
    },
    "spotify_api_url": {
      "value": "https://avdmfrn3iea4an7tabn27pntdq0uslsu.lambda-url.us-west-2.on.aws/",
      "type": "string"
    },
    "website_url": {
      "value": "https://jacobandsarah.wedding",
      "type": "string"
    }
  },
  "resources": [
    {
      "mode": "managed",
      "type": "aws_acm_certificate",
      "name": "website",
      "provider": "provider[\"registry.terraform.io/hashicorp/aws\"].us_east_1",
      "instances": [
        {
          "schema_version": 0,
          "attributes": {
            "arn": "arn:aws:acm:us-east-1:955550242727:certificate/02cd3235-7271-4ee9-8298-a4dec0191881",
            "certificate_authority_arn": "",
            "certificate_body": null,
            "certificate_chain": null,
            "domain_name": "jacobandsarah.wedding",
            "domain_validation_options": [
              {
                "domain_name": "jacobandsarah.wedding",
                "resource_record_name": "_637199780f47c4be3b575e9771f5f255.jacobandsarah.wedding.",
                "resource_record_type": "CNAME",
                "resource_record_value": "_62dbd4ac402db7f5b831bf019da05dfc.xlfgrmvvlj.acm-validations.aws."
              },
              {
                "domain_name": "www.jacobandsarah.wedding",
                "resource_record_name": "_c1c7fb09042e3f03a7352b10da072b3b.www.jacobandsarah.wedding.",
                "resource_record_type": "CNAME",
                "resource_record_value": "_6f421fb76c4faac4ca0b3108a5867b4b.xlfgrmvvlj.acm-validations.aws."
              }
            ],
            "early_renewal_duration": "",
            "id": "arn:aws:acm:us-east-1:955550242727:certificate/02cd3235-7271-4ee9-8298-a4dec0191881",
            "key_algorithm": "RSA_2048",
            "not_after": "2026-09-15T23:59:59Z",
            "not_before": "2025-08-17T00:00:00Z",
            "options": [
              {
                "certificate_transparency_logging_preference": "ENABLED"
              }
            ],
            "pending_renewal": false,
            "private_key": null,
            "renewal_eligibility": "ELIGIBLE",
            "renewal_summary": [],
            "status": "ISSUED",
            "subject_alternative_names": [
              "jacobandsarah.wedding",
              "www.jacobandsarah.wedding"
            ],
            "tags": {
              "Environment": "production",
              "Name": "jacob-sarah-wedding-certificate"
            },
            "tags_all": {
              "Environment": "production",
              "Name": "jacob-sarah-wedding-certificate"
            },
            "type": "AMAZON_ISSUED",
            "validation_emails": [],
            "validation_method": "DNS",
            "validation_option": []
          },
          "sensitive_attributes": [],
          "private": "bnVsbA==",
          "create_before_destroy": true
        }
      ]
    },
    {
      "mode": "managed",
      "type": "aws_acm_certificate_validation",
      "name": "website",
      "provider": "provider[\"registry.terraform.io/hashicorp/aws\"].us_east_1",
      "instances": [
        {
          "schema_version": 0,
          "attributes": {
            "certificate_arn": "arn:aws:acm:us-east-1:955550242727:certificate/02cd3235-7271-4ee9-8298-a4dec0191881",
            "id": "0001-01-01 00:00:00 +0000 UTC",
            "timeouts": null,
            "validation_record_fqdns": [
              "_637199780f47c4be3b575e9771f5f255.jacobandsarah.wedding",
              "_c1c7fb09042e3f03a7352b10da072b3b.www.jacobandsarah.wedding"
            ]
          },
          "sensitive_attributes": [],
          "private": "eyJlMmJmYjczMC1lY2FhLTExZTYtOGY4OC0zNDM2M2JjN2M0YzAiOnsiY3JlYXRlIjo0NTAwMDAwMDAwMDAwfX0=",
          "dependencies": [
            "aws_acm_certificate.website",
            "aws_route53_record.acm_validation",
            "aws_route53_zone.main"
          ]
        }
      ]
    },
    {
      "mode": "managed",
      "type": "aws_cloudfront_distribution",
      "name": "website",
      "provider": "provider[\"registry.terraform.io/hashicorp/aws\"]",
      "instances": [
        {
          "schema_version": 1,
          "attributes": {
            "aliases": [
              "jacobandsarah.wedding",
              "www.jacobandsarah.wedding"
            ],
            "arn": "arn:aws:cloudfront::955550242727:distribution/EWR2USG4G24HG",
            "caller_reference": "terraform-20250817080226159800000001",
            "comment": null,
            "continuous_deployment_policy_id": "",
            "custom_error_response": [],
            "default_cache_behavior": [
              {
                "allowed_methods": [
                  "GET",
                  "HEAD",
                  "OPTIONS"
                ],
                "cache_policy_id": "",
                "cached_methods": [
                  "GET",
                  "HEAD"
                ],
                "compress": true,
                "default_ttl": 3600,
                "field_level_encryption_id": "",
                "forwarded_values": [
                  {
                    "cookies": [
                      {
                        "forward": "none",
                        "whitelisted_names": []
                      }
                    ],
                    "headers": [],
                    "query_string": false,
                    "query_string_cache_keys": []
                  }
                ],
                "function_association": [],
                "grpc_config": [
                  {
                    "enabled": false
                  }
                ],
                "lambda_function_association": [],
                "max_ttl": 86400,
                "min_ttl": 0,
                "origin_request_policy_id": "",
                "realtime_log_config_arn": "",
                "response_headers_policy_id": "",
                "smooth_streaming": false,
                "target_origin_id": "S3-jacob-sarah-wedding-website-production",
                "trusted_key_groups": [],
                "trusted_signers": [],
                "viewer_protocol_policy": "redirect-to-https"
              }
            ],
            "default_root_object": "index.html",
            "domain_name": "d1aq033lwzjq9y.cloudfront.net",
            "enabled": true,
            "etag": "EKB0OC1940OXO",
            "hosted_zone_id": "Z2FDTNDATAQYW2",
            "http_version": "http2",
            "id": "EWR2USG4G24HG",
            "in_progress_validation_batches": 0,
            "is_ipv6_enabled": true,
            "last_modified_time": "2025-08-17 08:02:27.21 +0000 UTC",
            "logging_config": [],
            "ordered_cache_behavior": [],
            "origin": [
              {
                "connection_attempts": 3,
                "connection_timeout": 10,
                "custom_header": [],
                "custom_origin_config": [],
                "domain_name": "jacob-sarah-wedding-website-production.s3.us-west-2.amazonaws.com",
                "origin_access_control_id": "",
                "origin_id": "S3-jacob-sarah-wedding-website-production",
                "origin_path": "",
                "origin_shield": [],
                "s3_origin_config": [
                  {
                    "origin_access_identity": "origin-access-identity/cloudfront/E2896LETYGLOIZ"
                  }
                ],
                "vpc_origin_config": []
              }
            ],
            "origin_group": [],
            "price_class": "PriceClass_100",
            "restrictions": [
              {
                "geo_restriction": [
                  {
                    "locations": [],
                    "restriction_type": "none"
                  }
                ]
              }
            ],
            "retain_on_delete": false,
            "staging": false,
            "status": "Deployed",
            "tags": {
              "Environment": "production",
              "Name": "jacob-sarah-wedding-cf-distribution"
            },
            "tags_all": {
              "Environment": "production",
              "Name": "jacob-sarah-wedding-cf-distribution"
            },
            "trusted_key_groups": [
              {
                "enabled": false,
                "items": []
              }
            ],
            "trusted_signers": [
              {
                "enabled": false,
                "items": []
              }
            ],
            "viewer_certificate": [
              {
                "acm_certificate_arn": "arn:aws:acm:us-east-1:955550242727:certificate/02cd3235-7271-4ee9-8298-a4dec0191881",
                "cloudfront_default_certificate": false,
                "iam_certificate_id": "",
                "minimum_protocol_version": "TLSv1.2_2021",
                "ssl_support_method": "sni-only"
              }
            ],
            "wait_for_deployment": true,
            "web_acl_id": ""
          },
          "sensitive_attributes": [],
          "private": "eyJzY2hlbWFfdmVyc2lvbiI6IjEifQ==",
          "dependencies": [
            "aws_acm_certificate.website",
            "aws_acm_certificate_validation.website",
            "aws_cloudfront_origin_access_identity.website",
            "aws_route53_record.acm_validation",
            "aws_route53_zone.main",
            "aws_s3_bucket.website"
          ]
        }
      ]
    },
    {
      "mode": "managed",
      "type": "aws_cloudfront_origin_access_identity",
      "name": "website",
      "provider": "provider[\"registry.terraform.io/hashicorp/aws\"]",
      "instances": [
        {
          "schema_version": 0,
          "attributes": {
            "arn": "arn:aws:cloudfront::955550242727:origin-access-identity/E2896LETYGLOIZ",
            "caller_reference": "terraform-20250817074453647100000001",
            "cloudfront_access_identity_path": "origin-access-identity/cloudfront/E2896LETYGLOIZ",
            "comment": "OAI for jacob-sarah-wedding website",
            "etag": "E1F83G8C2ARO7P",
            "iam_arn": "arn:aws:iam::cloudfront:user/CloudFront Origin Access Identity E2896LETYGLOIZ",
            "id": "E2896LETYGLOIZ",
            "s3_canonical_user_id": "913f60a064bf3e3f207a2b600db158fa83b1a71f9af20a83ded29e928ffa5f678ff316d592c19ef6b05ee31f2bbeabf9"
          },
          "sensitive_attributes": [],
          "private": "bnVsbA=="
        }
      ]
    },
    {
      "mode": "managed",
      "type": "aws_dynamodb_table",
      "name": "rsvps",
      "provider": "provider[\"registry.terraform.io/hashicorp/aws\"]",
      "instances": [
        {
          "schema_version": 1,
          "attributes": {
            "arn": "arn:aws:dynamodb:us-west-2:955550242727:table/jacob-sarah-wedding-rsvps-production",
            "attribute": [
              {
                "name": "email",
                "type": "S"
              },
              {
                "name": "id",
                "type": "S"
              }
            ],
            "billing_mode": "PAY_PER_REQUEST",
            "deletion_protection_enabled": false,
            "global_secondary_index": [
              {
                "hash_key": "email",
                "name": "email-index",
                "non_key_attributes": [],
                "on_demand_throughput": [],
                "projection_type": "ALL",
                "range_key": "",
                "read_capacity": 0,
                "write_capacity": 0
              }
            ],
            "hash_key": "id",
            "id": "jacob-sarah-wedding-rsvps-production",
            "import_table": [],
            "local_secondary_index": [],
            "name": "jacob-sarah-wedding-rsvps-production",
            "on_demand_throughput": [],
            "point_in_time_recovery": [
              {
                "enabled": false,
                "recovery_period_in_days": 0
              }
            ],
            "range_key": null,
            "read_capacity": 0,
            "replica": [],
            "restore_date_time": null,
            "restore_source_name": null,
            "restore_source_table_arn": null,
            "restore_to_latest_time": null,
            "server_side_encryption": [],
            "stream_arn": "",
            "stream_enabled": false,
            "stream_label": "",
            "stream_view_type": "",
            "table_class": "STANDARD",
            "tags": {
              "Environment": "production",
              "Name": "jacob-sarah-wedding-rsvps"
            },
            "tags_all": {
              "Environment": "production",
              "Name": "jacob-sarah-wedding-rsvps"
            },
            "timeouts": null,
            "ttl": [
              {
                "attribute_name": "",
                "enabled": false
              }
            ],
            "write_capacity": 0
          },
          "sensitive_attributes": [],
          "private": "eyJlMmJmYjczMC1lY2FhLTExZTYtOGY4OC0zNDM2M2JjN2M0YzAiOnsiY3JlYXRlIjoxODAwMDAwMDAwMDAwLCJkZWxldGUiOjYwMDAwMDAwMDAwMCwidXBkYXRlIjozNjAwMDAwMDAwMDAwfSwic2NoZW1hX3ZlcnNpb24iOiIxIn0="
        }
      ]
    },
    {
      "mode": "managed",
      "type": "aws_iam_role",
      "name": "rsvp_lambda_role",
      "provider": "provider[\"registry.terraform.io/hashicorp/aws\"]",
      "instances": [
        {
          "schema_version": 0,
          "attributes": {
            "arn": "arn:aws:iam::955550242727:role/jacob-sarah-wedding-rsvp-lambda-role-production",
            "assume_role_policy": "{\"Statement\":[{\"Action\":\"sts:AssumeRole\",\"Effect\":\"Allow\",\"Principal\":{\"Service\":\"lambda.amazonaws.com\"}}],\"Version\":\"2012-10-17\"}",
            "create_date": "2025-08-23T00:01:46Z",
            "description": "",
            "force_detach_policies": false,
            "id": "jacob-sarah-wedding-rsvp-lambda-role-production",
            "inline_policy": [
              {
                "name": "jacob-sarah-wedding-rsvp-lambda-policy-production",
                "policy": "{\"Version\":\"2012-10-17\",\"Statement\":[{\"Action\":[\"logs:CreateLogGroup\",\"logs:CreateLogStream\",\"logs:PutLogEvents\"],\"Effect\":\"Allow\",\"Resource\":\"arn:aws:logs:*:*:*\"},{\"Action\":[\"dynamodb:PutItem\",\"dynamodb:GetItem\",\"dynamodb:UpdateItem\",\"dynamodb:Query\",\"dynamodb:Scan\"],\"Effect\":\"Allow\",\"Resource\":[\"arn:aws:dynamodb:us-west-2:955550242727:table/jacob-sarah-wedding-rsvps-production\",\"arn:aws:dynamodb:us-west-2:955550242727:table/jacob-sarah-wedding-rsvps-production/index/*\"]}]}"
              }
            ],
            "managed_policy_arns": [],
            "max_session_duration": 3600,
            "name": "jacob-sarah-wedding-rsvp-lambda-role-production",
            "name_prefix": "",
            "path": "/",
            "permissions_boundary": "",
            "tags": {},
            "tags_all": {},
            "unique_id": "AROA546Z3S6TTTZROUSJ2"
          },
          "sensitive_attributes": [],
          "private": "bnVsbA=="
        }
      ]
    },
    {
      "mode": "managed",
      "type": "aws_iam_role",
      "name": "spotify_lambda_role",
      "provider": "provider[\"registry.terraform.io/hashicorp/aws\"]",
      "instances": [
        {
          "schema_version": 0,
          "attributes": {
            "arn": "arn:aws:iam::955550242727:role/jacob-sarah-wedding-spotify-lambda-role-production",
            "assume_role_policy": "{\"Statement\":[{\"Action\":\"sts:AssumeRole\",\"Effect\":\"Allow\",\"Principal\":{\"Service\":\"lambda.amazonaws.com\"}}],\"Version\":\"2012-10-17\"}",
            "create_date": "2025-08-23T00:01:46Z",
            "description": "",
            "force_detach_policies": false,
            "id": "jacob-sarah-wedding-spotify-lambda-role-production",
            "inline_policy": [
              {
                "name": "jacob-sarah-wedding-spotify-lambda-policy-production",
                "policy": "{\"Version\":\"2012-10-17\",\"Statement\":[{\"Action\":[\"logs:CreateLogGroup\",\"logs:CreateLogStream\",\"logs:PutLogEvents\"],\"Effect\":\"Allow\",\"Resource\":\"arn:aws:logs:*:*:*\"},{\"Action\":[\"dynamodb:PutItem\",\"dynamodb:GetItem\",\"dynamodb:UpdateItem\",\"dynamodb:Query\",\"dynamodb:Scan\"],\"Effect\":\"Allow\",\"Resource\":[\"arn:aws:dynamodb:us-west-2:955550242727:table/jacob-sarah-wedding-rsvps-production\",\"arn:aws:dynamodb:us-west-2:955550242727:table/jacob-sarah-wedding-rsvps-production/index/*\"]}]}"
              }
            ],
            "managed_policy_arns": [],
            "max_session_duration": 3600,
            "name": "jacob-sarah-wedding-spotify-lambda-role-production",
            "name_prefix": "",
            "path": "/",
            "permissions_boundary": "",
            "tags": {},
            "tags_all": {},
            "unique_id": "AROA546Z3S6T7SG7EWP7O"
          },
          "sensitive_attributes": [],
          "private": "bnVsbA=="
        }
      ]
    },
    {
      "mode": "managed",
      "type": "aws_iam_role_policy",
      "name": "rsvp_lambda_policy",
      "provider": "provider[\"registry.terraform.io/hashicorp/aws\"]",
      "instances": [
        {
          "schema_version": 0,
          "attributes": {
            "id": "jacob-sarah-wedding-rsvp-lambda-role-production:jacob-sarah-wedding-rsvp-lambda-policy-production",
            "name": "jacob-sarah-wedding-rsvp-lambda-policy-production",
            "name_prefix": "",
            "policy": "{\"Version\":\"2012-10-17\",\"Statement\":[{\"Action\":[\"logs:CreateLogGroup\",\"logs:CreateLogStream\",\"logs:PutLogEvents\"],\"Effect\":\"Allow\",\"Resource\":\"arn:aws:logs:*:*:*\"},{\"Action\":[\"dynamodb:PutItem\",\"dynamodb:GetItem\",\"dynamodb:UpdateItem\",\"dynamodb:Query\",\"dynamodb:Scan\"],\"Effect\":\"Allow\",\"Resource\":[\"arn:aws:dynamodb:us-west-2:955550242727:table/jacob-sarah-wedding-rsvps-production\",\"arn:aws:dynamodb:us-west-2:955550242727:table/jacob-sarah-wedding-rsvps-production/index/*\"]}]}",
            "role": "jacob-sarah-wedding-rsvp-lambda-role-production"
          },
          "sensitive_attributes": [],
          "private": "bnVsbA==",
          "dependencies": [
            "aws_dynamodb_table.rsvps",
            "aws_iam_role.rsvp_lambda_role"
          ]
        }
      ]
    },
    {
      "mode": "managed",
      "type": "aws_iam_role_policy",
      "name": "spotify_lambda_policy",
      "provider": "provider[\"registry.terraform.io/hashicorp/aws\"]",
      "instances": [
        {
          "schema_version": 0,
          "attributes": {
            "id": "jacob-sarah-wedding-spotify-lambda-role-production:jacob-sarah-wedding-spotify-lambda-policy-production",
            "name": "jacob-sarah-wedding-spotify-lambda-policy-production",
            "name_prefix": "",
            "policy": "{\"Version\":\"2012-10-17\",\"Statement\":[{\"Action\":[\"logs:CreateLogGroup\",\"logs:CreateLogStream\",\"logs:PutLogEvents\"],\"Effect\":\"Allow\",\"Resource\":\"arn:aws:logs:*:*:*\"},{\"Action\":[\"dynamodb:PutItem\",\"dynamodb:GetItem\",\"dynamodb:UpdateItem\",\"dynamodb:Query\",\"dynamodb:Scan\"],\"Effect\":\"Allow\",\"Resource\":[\"arn:aws:dynamodb:us-west-2:955550242727:table/jacob-sarah-wedding-rsvps-production\",\"arn:aws:dynamodb:us-west-2:955550242727:table/jacob-sarah-wedding-rsvps-production/index/*\"]}]}",
            "role": "jacob-sarah-wedding-spotify-lambda-role-production"
          },
          "sensitive_attributes": [],
          "private": "bnVsbA==",
          "dependencies": [
            "aws_dynamodb_table.rsvps",
            "aws_iam_role.spotify_lambda_role"
          ]
        }
      ]
    },
    {
      "mode": "managed",
      "type": "aws_lambda_function",
      "name": "rsvp_api",
      "provider": "provider[\"registry.terraform.io/hashicorp/aws\"]",
      "instances": [
        {
          "schema_version": 0,
          "attributes": {
            "architectures": [
              "x86_64"
            ],
            "arn": "arn:aws:lambda:us-west-2:955550242727:function:jacob-sarah-wedding-rsvp-api-production",
            "code_sha256": "neb1900dEZX/RH3RwTqsR4Jb1/rnW/+eUTSAM6srJik=",
            "code_signing_config_arn": "",
            "dead_letter_config": [],
            "description": "",
            "environment": [
              {
                "variables": {
                  "CORS_ORIGIN": "https://jacobandsarah.wedding",
                  "DYNAMODB_TABLE": "jacob-sarah-wedding-rsvps-production"
                }
              }
            ],
            "ephemeral_storage": [
              {
                "size": 512
              }
            ],
            "file_system_config": [],
            "filename": "rsvp-lambda.zip",
            "function_name": "jacob-sarah-wedding-rsvp-api-production",
            "handler": "index.handler",
            "id": "jacob-sarah-wedding-rsvp-api-production",
            "image_config": [],
            "image_uri": "",
            "invoke_arn": "arn:aws:apigateway:us-west-2:lambda:path/2015-03-31/functions/arn:aws:lambda:us-west-2:955550242727:function:jacob-sarah-wedding-rsvp-api-production/invocations",
            "kms_key_arn": "",
            "last_modified": "2025-09-25T06:21:03.000+0000",
            "layers": [],
            "logging_config": [
              {
                "application_log_level": "",
                "log_format": "Text",
                "log_group": "/aws/lambda/jacob-sarah-wedding-rsvp-api-production",
                "system_log_level": ""
              }
            ],
            "memory_size": 128,
            "package_type": "Zip",
            "publish": false,
            "qualified_arn": "arn:aws:lambda:us-west-2:955550242727:function:jacob-sarah-wedding-rsvp-api-production:$LATEST",
            "qualified_invoke_arn": "arn:aws:apigateway:us-west-2:lambda:path/2015-03-31/functions/arn:aws:lambda:us-west-2:955550242727:function:jacob-sarah-wedding-rsvp-api-production:$LATEST/invocations",
            "replace_security_groups_on_destroy": null,
            "replacement_security_group_ids": null,
            "reserved_concurrent_executions": -1,
            "role": "arn:aws:iam::955550242727:role/jacob-sarah-wedding-rsvp-lambda-role-production",
            "runtime": "nodejs18.x",
            "s3_bucket": null,
            "s3_key": null,
            "s3_object_version": null,
            "signing_job_arn": "",
            "signing_profile_version_arn": "",
            "skip_destroy": false,
            "snap_start": [],
            "source_code_hash": "neb1900dEZX/RH3RwTqsR4Jb1/rnW/+eUTSAM6srJik=",
            "source_code_size": 14470086,
            "tags": {
              "Environment": "production",
              "Name": "jacob-sarah-wedding-rsvp-api"
            },
            "tags_all": {
              "Environment": "production",
              "Name": "jacob-sarah-wedding-rsvp-api"
            },
            "timeout": 30,
            "timeouts": null,
            "tracing_config": [
              {
                "mode": "PassThrough"
              }
            ],
            "version": "$LATEST",
            "vpc_config": []
          },
          "sensitive_attributes": [],
          "private": "eyJlMmJmYjczMC1lY2FhLTExZTYtOGY4OC0zNDM2M2JjN2M0YzAiOnsiY3JlYXRlIjo2MDAwMDAwMDAwMDAsImRlbGV0ZSI6NjAwMDAwMDAwMDAwLCJ1cGRhdGUiOjYwMDAwMDAwMDAwMH19",
          "dependencies": [
            "aws_dynamodb_table.rsvps",
            "aws_iam_role.rsvp_lambda_role"
          ]
        }
      ]
    },
    {
      "mode": "managed",
      "type": "aws_lambda_function",
      "name": "spotify_api",
      "provider": "provider[\"registry.terraform.io/hashicorp/aws\"]",
      "instances": [
        {
          "schema_version": 0,
          "attributes": {
            "architectures": [
              "x86_64"
            ],
            "arn": "arn:aws:lambda:us-west-2:955550242727:function:jacob-sarah-wedding-spotify-api-production",
            "code_sha256": "0KLx37hxavfD89FhXgAWsL6jur7E+f1FMp/Al5FnPTQ=",
            "code_signing_config_arn": "",
            "dead_letter_config": [],
            "description": "",
            "environment": [
              {
                "variables": {
                  "CORS_ORIGIN": "https://jacobandsarah.wedding",
                  "DYNAMODB_TABLE": "jacob-sarah-wedding-rsvps-production",
                  "SPOTIFY_CLIENT_ID": "41278d2363e94573827630269c427c34",
                  "SPOTIFY_CLIENT_SECRET": "299eea08de204beb96fd18e90b384ac8",
                  "SPOTIFY_PLAYLIST_ID": "0pm5pbUgvyQtdJdcAIffNO",
                  "SPOTIFY_REDIRECT_URI": "https://jacobandsarah.wedding/callback",
                  "SPOTIFY_REFRESH_TOKEN": "manual_mode_no_token_needed"
                }
              }
            ],
            "ephemeral_storage": [
              {
                "size": 512
              }
            ],
            "file_system_config": [],
            "filename": "spotify-lambda.zip",
            "function_name": "jacob-sarah-wedding-spotify-api-production",
            "handler": "spotify-handler.handler",
            "id": "jacob-sarah-wedding-spotify-api-production",
            "image_config": [],
            "image_uri": "",
            "invoke_arn": "arn:aws:apigateway:us-west-2:lambda:path/2015-03-31/functions/arn:aws:lambda:us-west-2:955550242727:function:jacob-sarah-wedding-spotify-api-production/invocations",
            "kms_key_arn": "",
            "last_modified": "2025-09-25T06:20:35.000+0000",
            "layers": [],
            "logging_config": [
              {
                "application_log_level": "",
                "log_format": "Text",
                "log_group": "/aws/lambda/jacob-sarah-wedding-spotify-api-production",
                "system_log_level": ""
              }
            ],
            "memory_size": 128,
            "package_type": "Zip",
            "publish": false,
            "qualified_arn": "arn:aws:lambda:us-west-2:955550242727:function:jacob-sarah-wedding-spotify-api-production:$LATEST",
            "qualified_invoke_arn": "arn:aws:apigateway:us-west-2:lambda:path/2015-03-31/functions/arn:aws:lambda:us-west-2:955550242727:function:jacob-sarah-wedding-spotify-api-production:$LATEST/invocations",
            "replace_security_groups_on_destroy": null,
            "replacement_security_group_ids": null,
            "reserved_concurrent_executions": -1,
            "role": "arn:aws:iam::955550242727:role/jacob-sarah-wedding-spotify-lambda-role-production",
            "runtime": "nodejs18.x",
            "s3_bucket": null,
            "s3_key": null,
            "s3_object_version": null,
            "signing_job_arn": "",
            "signing_profile_version_arn": "",
            "skip_destroy": false,
            "snap_start": [],
            "source_code_hash": "0KLx37hxavfD89FhXgAWsL6jur7E+f1FMp/Al5FnPTQ=",
            "source_code_size": 943523,
            "tags": {
              "Environment": "production",
              "Name": "jacob-sarah-wedding-spotify-api"
            },
            "tags_all": {
              "Environment": "production",
              "Name": "jacob-sarah-wedding-spotify-api"
            },
            "timeout": 30,
            "timeouts": null,
            "tracing_config": [
              {
                "mode": "PassThrough"
              }
            ],
            "version": "$LATEST",
            "vpc_config": []
          },
          "sensitive_attributes": [
            [
              {
                "type": "get_attr",
                "value": "environment"
              },
              {
                "type": "index",
                "value": {
                  "value": 0,
                  "type": "number"
                }
              },
              {
                "type": "get_attr",
                "value": "variables"
              },
              {
                "type": "index",
                "value": {
                  "value": "SPOTIFY_CLIENT_ID",
                  "type": "string"
                }
              }
            ],
            [
              {
                "type": "get_attr",
                "value": "environment"
              },
              {
                "type": "index",
                "value": {
                  "value": 0,
                  "type": "number"
                }
              },
              {
                "type": "get_attr",
                "value": "variables"
              },
              {
                "type": "index",
                "value": {
                  "value": "SPOTIFY_CLIENT_SECRET",
                  "type": "string"
                }
              }
            ],
            [
              {
                "type": "get_attr",
                "value": "environment"
              },
              {
                "type": "index",
                "value": {
                  "value": 0,
                  "type": "number"
                }
              },
              {
                "type": "get_attr",
                "value": "variables"
              },
              {
                "type": "index",
                "value": {
                  "value": "SPOTIFY_REFRESH_TOKEN",
                  "type": "string"
                }
              }
            ]
          ],
          "private": "eyJlMmJmYjczMC1lY2FhLTExZTYtOGY4OC0zNDM2M2JjN2M0YzAiOnsiY3JlYXRlIjo2MDAwMDAwMDAwMDAsImRlbGV0ZSI6NjAwMDAwMDAwMDAwLCJ1cGRhdGUiOjYwMDAwMDAwMDAwMH19",
          "dependencies": [
            "aws_dynamodb_table.rsvps",
            "aws_iam_role.spotify_lambda_role"
          ]
        }
      ]
    },
    {
      "mode": "managed",
      "type": "aws_lambda_function_url",
      "name": "rsvp_api",
      "provider": "provider[\"registry.terraform.io/hashicorp/aws\"]",
      "instances": [
        {
          "schema_version": 0,
          "attributes": {
            "authorization_type": "NONE",
            "cors": [
              {
                "allow_credentials": false,
                "allow_headers": [
                  "authorization",
                  "content-length",
                  "content-type",
                  "date",
                  "keep-alive"
                ],
                "allow_methods": [
                  "DELETE",
                  "GET",
                  "POST",
                  "PUT"
                ],
                "allow_origins": [
                  "https://jacobandsarah.wedding",
                  "https://www.jacobandsarah.wedding"
                ],
                "expose_headers": [
                  "date",
                  "keep-alive"
                ],
                "max_age": 86400
              }
            ],
            "function_arn": "arn:aws:lambda:us-west-2:955550242727:function:jacob-sarah-wedding-rsvp-api-production",
            "function_name": "jacob-sarah-wedding-rsvp-api-production",
            "function_url": "https://ltx3ea4eingenuxwlcovcexllq0xqreu.lambda-url.us-west-2.on.aws/",
            "id": "jacob-sarah-wedding-rsvp-api-production",
            "invoke_mode": "BUFFERED",
            "qualifier": "",
            "timeouts": null,
            "url_id": "ltx3ea4eingenuxwlcovcexllq0xqreu"
          },
          "sensitive_attributes": [],
          "private": "eyJlMmJmYjczMC1lY2FhLTExZTYtOGY4OC0zNDM2M2JjN2M0YzAiOnsiY3JlYXRlIjo2MDAwMDAwMDAwMDB9fQ==",
          "dependencies": [
            "aws_dynamodb_table.rsvps",
            "aws_iam_role.rsvp_lambda_role",
            "aws_lambda_function.rsvp_api"
          ]
        }
      ]
    },
    {
      "mode": "managed",
      "type": "aws_lambda_function_url",
      "name": "spotify_api",
      "provider": "provider[\"registry.terraform.io/hashicorp/aws\"]",
      "instances": [
        {
          "schema_version": 0,
          "attributes": {
            "authorization_type": "NONE",
            "cors": [
              {
                "allow_credentials": false,
                "allow_headers": [
                  "authorization",
                  "content-length",
                  "content-type",
                  "date",
                  "keep-alive"
                ],
                "allow_methods": [
                  "DELETE",
                  "GET",
                  "POST",
                  "PUT"
                ],
                "allow_origins": [
                  "https://jacobandsarah.wedding",
                  "https://www.jacobandsarah.wedding"
                ],
                "expose_headers": [
                  "date",
                  "keep-alive"
                ],
                "max_age": 86400
              }
            ],
            "function_arn": "arn:aws:lambda:us-west-2:955550242727:function:jacob-sarah-wedding-spotify-api-production",
            "function_name": "jacob-sarah-wedding-spotify-api-production",
            "function_url": "https://avdmfrn3iea4an7tabn27pntdq0uslsu.lambda-url.us-west-2.on.aws/",
            "id": "jacob-sarah-wedding-spotify-api-production",
            "invoke_mode": "BUFFERED",
            "qualifier": "",
            "timeouts": null,
            "url_id": "avdmfrn3iea4an7tabn27pntdq0uslsu"
          },
          "sensitive_attributes": [],
          "private": "eyJlMmJmYjczMC1lY2FhLTExZTYtOGY4OC0zNDM2M2JjN2M0YzAiOnsiY3JlYXRlIjo2MDAwMDAwMDAwMDB9fQ==",
          "dependencies": [
            "aws_dynamodb_table.rsvps",
            "aws_iam_role.spotify_lambda_role",
            "aws_lambda_function.spotify_api"
          ]
        }
      ]
    },
    {
      "mode": "managed",
      "type": "aws_route53_record",
      "name": "acm_validation",
      "provider": "provider[\"registry.terraform.io/hashicorp/aws\"]",
      "instances": [
        {
          "index_key": "jacobandsarah.wedding",
          "schema_version": 2,
          "attributes": {
            "alias": [],
            "allow_overwrite": true,
            "cidr_routing_policy": [],
            "failover_routing_policy": [],
            "fqdn": "_637199780f47c4be3b575e9771f5f255.jacobandsarah.wedding",
            "geolocation_routing_policy": [],
            "geoproximity_routing_policy": [],
            "health_check_id": "",
            "id": "Z012451914DBDOZKXCFV6__637199780f47c4be3b575e9771f5f255.jacobandsarah.wedding_CNAME",
            "latency_routing_policy": [],
            "multivalue_answer_routing_policy": false,
            "name": "_637199780f47c4be3b575e9771f5f255.jacobandsarah.wedding",
            "records": [
              "_62dbd4ac402db7f5b831bf019da05dfc.xlfgrmvvlj.acm-validations.aws."
            ],
            "set_identifier": "",
            "timeouts": null,
            "ttl": 60,
            "type": "CNAME",
            "weighted_routing_policy": [],
            "zone_id": "Z012451914DBDOZKXCFV6"
          },
          "sensitive_attributes": [],
          "private": "eyJlMmJmYjczMC1lY2FhLTExZTYtOGY4OC0zNDM2M2JjN2M0YzAiOnsiY3JlYXRlIjoxODAwMDAwMDAwMDAwLCJkZWxldGUiOjE4MDAwMDAwMDAwMDAsInVwZGF0ZSI6MTgwMDAwMDAwMDAwMH0sInNjaGVtYV92ZXJzaW9uIjoiMiJ9",
          "dependencies": [
            "aws_acm_certificate.website",
            "aws_route53_zone.main"
          ]
        },
        {
          "index_key": "www.jacobandsarah.wedding",
          "schema_version": 2,
          "attributes": {
            "alias": [],
            "allow_overwrite": true,
            "cidr_routing_policy": [],
            "failover_routing_policy": [],
            "fqdn": "_c1c7fb09042e3f03a7352b10da072b3b.www.jacobandsarah.wedding",
            "geolocation_routing_policy": [],
            "geoproximity_routing_policy": [],
            "health_check_id": "",
            "id": "Z012451914DBDOZKXCFV6__c1c7fb09042e3f03a7352b10da072b3b.www.jacobandsarah.wedding_CNAME",
            "latency_routing_policy": [],
            "multivalue_answer_routing_policy": false,
            "name": "_c1c7fb09042e3f03a7352b10da072b3b.www.jacobandsarah.wedding",
            "records": [
              "_6f421fb76c4faac4ca0b3108a5867b4b.xlfgrmvvlj.acm-validations.aws."
            ],
            "set_identifier": "",
            "timeouts": null,
            "ttl": 60,
            "type": "CNAME",
            "weighted_routing_policy": [],
            "zone_id": "Z012451914DBDOZKXCFV6"
          },
          "sensitive_attributes": [],
          "private": "eyJlMmJmYjczMC1lY2FhLTExZTYtOGY4OC0zNDM2M2JjN2M0YzAiOnsiY3JlYXRlIjoxODAwMDAwMDAwMDAwLCJkZWxldGUiOjE4MDAwMDAwMDAwMDAsInVwZGF0ZSI6MTgwMDAwMDAwMDAwMH0sInNjaGVtYV92ZXJzaW9uIjoiMiJ9",
          "dependencies": [
            "aws_acm_certificate.website",
            "aws_route53_zone.main"
          ]
        }
      ]
    },
    {
      "mode": "managed",
      "type": "aws_route53_record",
      "name": "website_a",
      "provider": "provider[\"registry.terraform.io/hashicorp/aws\"]",
      "instances": [
        {
          "schema_version": 2,
          "attributes": {
            "alias": [
              {
                "evaluate_target_health": false,
                "name": "d1aq033lwzjq9y.cloudfront.net",
                "zone_id": "Z2FDTNDATAQYW2"
              }
            ],
            "allow_overwrite": null,
            "cidr_routing_policy": [],
            "failover_routing_policy": [],
            "fqdn": "jacobandsarah.wedding",
            "geolocation_routing_policy": [],
            "geoproximity_routing_policy": [],
            "health_check_id": "",
            "id": "Z012451914DBDOZKXCFV6_jacobandsarah.wedding_A",
            "latency_routing_policy": [],
            "multivalue_answer_routing_policy": false,
            "name": "jacobandsarah.wedding",
            "records": [],
            "set_identifier": "",
            "timeouts": null,
            "ttl": 0,
            "type": "A",
            "weighted_routing_policy": [],
            "zone_id": "Z012451914DBDOZKXCFV6"
          },
          "sensitive_attributes": [],
          "private": "eyJlMmJmYjczMC1lY2FhLTExZTYtOGY4OC0zNDM2M2JjN2M0YzAiOnsiY3JlYXRlIjoxODAwMDAwMDAwMDAwLCJkZWxldGUiOjE4MDAwMDAwMDAwMDAsInVwZGF0ZSI6MTgwMDAwMDAwMDAwMH0sInNjaGVtYV92ZXJzaW9uIjoiMiJ9",
          "dependencies": [
            "aws_acm_certificate.website",
            "aws_acm_certificate_validation.website",
            "aws_cloudfront_distribution.website",
            "aws_cloudfront_origin_access_identity.website",
            "aws_route53_record.acm_validation",
            "aws_route53_zone.main",
            "aws_s3_bucket.website"
          ]
        }
      ]
    },
    {
      "mode": "managed",
      "type": "aws_route53_record",
      "name": "website_aaaa",
      "provider": "provider[\"registry.terraform.io/hashicorp/aws\"]",
      "instances": [
        {
          "schema_version": 2,
          "attributes": {
            "alias": [
              {
                "evaluate_target_health": false,
                "name": "d1aq033lwzjq9y.cloudfront.net",
                "zone_id": "Z2FDTNDATAQYW2"
              }
            ],
            "allow_overwrite": null,
            "cidr_routing_policy": [],
            "failover_routing_policy": [],
            "fqdn": "jacobandsarah.wedding",
            "geolocation_routing_policy": [],
            "geoproximity_routing_policy": [],
            "health_check_id": "",
            "id": "Z012451914DBDOZKXCFV6_jacobandsarah.wedding_AAAA",
            "latency_routing_policy": [],
            "multivalue_answer_routing_policy": false,
            "name": "jacobandsarah.wedding",
            "records": [],
            "set_identifier": "",
            "timeouts": null,
            "ttl": 0,
            "type": "AAAA",
            "weighted_routing_policy": [],
            "zone_id": "Z012451914DBDOZKXCFV6"
          },
          "sensitive_attributes": [],
          "private": "eyJlMmJmYjczMC1lY2FhLTExZTYtOGY4OC0zNDM2M2JjN2M0YzAiOnsiY3JlYXRlIjoxODAwMDAwMDAwMDAwLCJkZWxldGUiOjE4MDAwMDAwMDAwMDAsInVwZGF0ZSI6MTgwMDAwMDAwMDAwMH0sInNjaGVtYV92ZXJzaW9uIjoiMiJ9",
          "dependencies": [
            "aws_acm_certificate.website",
            "aws_acm_certificate_validation.website",
            "aws_cloudfront_distribution.website",
            "aws_cloudfront_origin_access_identity.website",
            "aws_route53_record.acm_validation",
            "aws_route53_zone.main",
            "aws_s3_bucket.website"
          ]
        }
      ]
    },
    {
      "mode": "managed",
      "type": "aws_route53_record",
      "name": "website_www_a",
      "provider": "provider[\"registry.terraform.io/hashicorp/aws\"]",
      "instances": [
        {
          "schema_version": 2,
          "attributes": {
            "alias": [
              {
                "evaluate_target_health": false,
                "name": "d1aq033lwzjq9y.cloudfront.net",
                "zone_id": "Z2FDTNDATAQYW2"
              }
            ],
            "allow_overwrite": null,
            "cidr_routing_policy": [],
            "failover_routing_policy": [],
            "fqdn": "www.jacobandsarah.wedding",
            "geolocation_routing_policy": [],
            "geoproximity_routing_policy": [],
            "health_check_id": "",
            "id": "Z012451914DBDOZKXCFV6_www.jacobandsarah.wedding_A",
            "latency_routing_policy": [],
            "multivalue_answer_routing_policy": false,
            "name": "www.jacobandsarah.wedding",
            "records": [],
            "set_identifier": "",
            "timeouts": null,
            "ttl": 0,
            "type": "A",
            "weighted_routing_policy": [],
            "zone_id": "Z012451914DBDOZKXCFV6"
          },
          "sensitive_attributes": [],
          "private": "eyJlMmJmYjczMC1lY2FhLTExZTYtOGY4OC0zNDM2M2JjN2M0YzAiOnsiY3JlYXRlIjoxODAwMDAwMDAwMDAwLCJkZWxldGUiOjE4MDAwMDAwMDAwMDAsInVwZGF0ZSI6MTgwMDAwMDAwMDAwMH0sInNjaGVtYV92ZXJzaW9uIjoiMiJ9",
          "dependencies": [
            "aws_acm_certificate.website",
            "aws_acm_certificate_validation.website",
            "aws_cloudfront_distribution.website",
            "aws_cloudfront_origin_access_identity.website",
            "aws_route53_record.acm_validation",
            "aws_route53_zone.main",
            "aws_s3_bucket.website"
          ]
        }
      ]
    },
    {
      "mode": "managed",
      "type": "aws_route53_record",
      "name": "website_www_aaaa",
      "provider": "provider[\"registry.terraform.io/hashicorp/aws\"]",
      "instances": [
        {
          "schema_version": 2,
          "attributes": {
            "alias": [
              {
                "evaluate_target_health": false,
                "name": "d1aq033lwzjq9y.cloudfront.net",
                "zone_id": "Z2FDTNDATAQYW2"
              }
            ],
            "allow_overwrite": null,
            "cidr_routing_policy": [],
            "failover_routing_policy": [],
            "fqdn": "www.jacobandsarah.wedding",
            "geolocation_routing_policy": [],
            "geoproximity_routing_policy": [],
            "health_check_id": "",
            "id": "Z012451914DBDOZKXCFV6_www.jacobandsarah.wedding_AAAA",
            "latency_routing_policy": [],
            "multivalue_answer_routing_policy": false,
            "name": "www.jacobandsarah.wedding",
            "records": [],
            "set_identifier": "",
            "timeouts": null,
            "ttl": 0,
            "type": "AAAA",
            "weighted_routing_policy": [],
            "zone_id": "Z012451914DBDOZKXCFV6"
          },
          "sensitive_attributes": [],
          "private": "eyJlMmJmYjczMC1lY2FhLTExZTYtOGY4OC0zNDM2M2JjN2M0YzAiOnsiY3JlYXRlIjoxODAwMDAwMDAwMDAwLCJkZWxldGUiOjE4MDAwMDAwMDAwMDAsInVwZGF0ZSI6MTgwMDAwMDAwMDAwMH0sInNjaGVtYV92ZXJzaW9uIjoiMiJ9",
          "dependencies": [
            "aws_acm_certificate.website",
            "aws_acm_certificate_validation.website",
            "aws_cloudfront_distribution.website",
            "aws_cloudfront_origin_access_identity.website",
            "aws_route53_record.acm_validation",
            "aws_route53_zone.main",
            "aws_s3_bucket.website"
          ]
        }
      ]
    },
    {
      "mode": "managed",
      "type": "aws_route53_zone",
      "name": "main",
      "provider": "provider[\"registry.terraform.io/hashicorp/aws\"]",
      "instances": [
        {
          "schema_version": 0,
          "attributes": {
            "arn": "arn:aws:route53:::hostedzone/Z012451914DBDOZKXCFV6",
            "comment": "Managed by Terraform",
            "delegation_set_id": "",
            "force_destroy": false,
            "id": "Z012451914DBDOZKXCFV6",
            "name": "jacobandsarah.wedding",
            "name_servers": [
              "ns-1231.awsdns-25.org",
              "ns-1844.awsdns-38.co.uk",
              "ns-364.awsdns-45.com",
              "ns-802.awsdns-36.net"
            ],
            "primary_name_server": "ns-364.awsdns-45.com",
            "tags": {
              "Environment": "production",
              "Name": "jacob-sarah-wedding-hosted-zone"
            },
            "tags_all": {
              "Environment": "production",
              "Name": "jacob-sarah-wedding-hosted-zone"
            },
            "timeouts": null,
            "vpc": [],
            "zone_id": "Z012451914DBDOZKXCFV6"
          },
          "sensitive_attributes": [],
          "private": "eyJlMmJmYjczMC1lY2FhLTExZTYtOGY4OC0zNDM2M2JjN2M0YzAiOnsiY3JlYXRlIjoxODAwMDAwMDAwMDAwLCJkZWxldGUiOjE4MDAwMDAwMDAwMDAsInVwZGF0ZSI6MTgwMDAwMDAwMDAwMH19"
        }
      ]
    },
    {
      "mode": "managed",
      "type": "aws_s3_bucket",
      "name": "website",
      "provider": "provider[\"registry.terraform.io/hashicorp/aws\"]",
      "instances": [
        {
          "schema_version": 0,
          "attributes": {
            "acceleration_status": "",
            "acl": null,
            "arn": "arn:aws:s3:::jacob-sarah-wedding-website-production",
            "bucket": "jacob-sarah-wedding-website-production",
            "bucket_domain_name": "jacob-sarah-wedding-website-production.s3.amazonaws.com",
            "bucket_prefix": "",
            "bucket_regional_domain_name": "jacob-sarah-wedding-website-production.s3.us-west-2.amazonaws.com",
            "cors_rule": [],
            "force_destroy": false,
            "grant": [
              {
                "id": "97ee7cbe556d858c73dbbc0d58a9c9170936b88fccaf52a25d12632ce78bbc70",
                "permissions": [
                  "FULL_CONTROL"
                ],
                "type": "CanonicalUser",
                "uri": ""
              }
            ],
            "hosted_zone_id": "Z3BJ6K6RIION7M",
            "id": "jacob-sarah-wedding-website-production",
            "lifecycle_rule": [],
            "logging": [],
            "object_lock_configuration": [],
            "object_lock_enabled": false,
            "policy": "{\"Statement\":[{\"Action\":\"s3:GetObject\",\"Effect\":\"Allow\",\"Principal\":\"*\",\"Resource\":\"arn:aws:s3:::jacob-sarah-wedding-website-production/*\",\"Sid\":\"PublicReadGetObject\"}],\"Version\":\"2012-10-17\"}",
            "region": "us-west-2",
            "replication_configuration": [],
            "request_payer": "BucketOwner",
            "server_side_encryption_configuration": [
              {
                "rule": [
                  {
                    "apply_server_side_encryption_by_default": [
                      {
                        "kms_master_key_id": "",
                        "sse_algorithm": "AES256"
                      }
                    ],
                    "bucket_key_enabled": false
                  }
                ]
              }
            ],
            "tags": {},
            "tags_all": {},
            "timeouts": null,
            "versioning": [
              {
                "enabled": false,
                "mfa_delete": false
              }
            ],
            "website": [
              {
                "error_document": "error.html",
                "index_document": "index.html",
                "redirect_all_requests_to": "",
                "routing_rules": ""
              }
            ],
            "website_domain": "s3-website-us-west-2.amazonaws.com",
            "website_endpoint": "jacob-sarah-wedding-website-production.s3-website-us-west-2.amazonaws.com"
          },
          "sensitive_attributes": [],
          "private": "eyJlMmJmYjczMC1lY2FhLTExZTYtOGY4OC0zNDM2M2JjN2M0YzAiOnsiY3JlYXRlIjoxMjAwMDAwMDAwMDAwLCJkZWxldGUiOjM2MDAwMDAwMDAwMDAsInJlYWQiOjEyMDAwMDAwMDAwMDAsInVwZGF0ZSI6MTIwMDAwMDAwMDAwMH19"
        }
      ]
    },
    {
      "mode": "managed",
      "type": "aws_s3_bucket_policy",
      "name": "website",
      "provider": "provider[\"registry.terraform.io/hashicorp/aws\"]",
      "instances": [
        {
          "schema_version": 0,
          "attributes": {
            "bucket": "jacob-sarah-wedding-website-production",
            "id": "jacob-sarah-wedding-website-production",
            "policy": "{\"Statement\":[{\"Action\":\"s3:GetObject\",\"Effect\":\"Allow\",\"Principal\":\"*\",\"Resource\":\"arn:aws:s3:::jacob-sarah-wedding-website-production/*\",\"Sid\":\"PublicReadGetObject\"}],\"Version\":\"2012-10-17\"}"
          },
          "sensitive_attributes": [],
          "private": "bnVsbA==",
          "dependencies": [
            "aws_s3_bucket.website",
            "aws_s3_bucket_public_access_block.website"
          ]
        }
      ]
    },
    {
      "mode": "managed",
      "type": "aws_s3_bucket_public_access_block",
      "name": "website",
      "provider": "provider[\"registry.terraform.io/hashicorp/aws\"]",
      "instances": [
        {
          "schema_version": 0,
          "attributes": {
            "block_public_acls": false,
            "block_public_policy": false,
            "bucket": "jacob-sarah-wedding-website-production",
            "id": "jacob-sarah-wedding-website-production",
            "ignore_public_acls": false,
            "restrict_public_buckets": false
          },
          "sensitive_attributes": [],
          "private": "bnVsbA==",
          "dependencies": [
            "aws_s3_bucket.website"
          ]
        }
      ]
    },
    {
      "mode": "managed",
      "type": "aws_s3_bucket_website_configuration",
      "name": "website",
      "provider": "provider[\"registry.terraform.io/hashicorp/aws\"]",
      "instances": [
        {
          "schema_version": 0,
          "attributes": {
            "bucket": "jacob-sarah-wedding-website-production",
            "error_document": [
              {
                "key": "error.html"
              }
            ],
            "expected_bucket_owner": "",
            "id": "jacob-sarah-wedding-website-production",
            "index_document": [
              {
                "suffix": "index.html"
              }
            ],
            "redirect_all_requests_to": [],
            "routing_rule": [],
            "routing_rules": "",
            "website_domain": "s3-website-us-west-2.amazonaws.com",
            "website_endpoint": "jacob-sarah-wedding-website-production.s3-website-us-west-2.amazonaws.com"
          },
          "sensitive_attributes": [],
          "private": "bnVsbA==",
          "dependencies": [
            "aws_s3_bucket.website"
          ]
        }
      ]
    }
  ],
  "check_results": null
}
